dependencies:
- name: mimir-distributed
  repository: https://grafana.github.io/helm-charts
  version: 5.8.0
- name: gluon
  repository: oci://registry1.dso.mil/bigbang
  version: 0.9.5
- name: bb-common
  repository: oci://registry1.dso.mil/bigbang
  version: 0.9.1
- name: minio-instance
  repository: oci://registry1.dso.mil/bigbang
  version: 7.1.1-bb.8
digest: sha256:7ea23b1f9d23c18605d1b4f89c1df646af33a90c733138237070808cc15bc749
generated: "2025-10-24T15:54:01.618070578-04:00"
