dependencies:
- name: mimir-distributed
  repository: https://grafana.github.io/helm-charts
  version: 5.8.0
- name: gluon
  repository: oci://registry1.dso.mil/bigbang
  version: 0.9.0
- name: minio-instance
  repository: oci://registry1.dso.mil/bigbang
  version: 7.1.1-bb.8
digest: sha256:f014a1d38511ee8232ece5d83569cd173bc34cc2d28e0f1f9754c7ef7fddc629
generated: "2025-09-09T06:07:35.624529827Z"
